{
  "originHash" : "8e75e7f660bde8a7fee54d89d8892b4e98a30477b3ab90958c3f20cd816c3180",
  "pins" : [
    {
      "identity" : "mokume",
      "kind" : "remoteSourceControl",
      "location" : "https://github.com/mokume-metal/mokume.git",
      "state" : {
        "revision" : "34ba2d8ab9b7f0c95b1d38502365c0812674f0a0",
        "version" : "0.14.0"
      }
    },
    {
      "identity" : "swift-syntax",
      "kind" : "remoteSourceControl",
      "location" : "https://github.com/swiftlang/swift-syntax.git",
      "state" : {
        "revision" : "79e4b74a295b6eb74a8b585e3a39d29e70c1dbd1",
        "version" : "603.0.2"
      }
    }
  ],
  "version" : 3
}
