{
  "originHash" : "68893cb8be294dcb776f9ff53e3a235a9dc8a65bc4e7a7464d92c6ba794ccc72",
  "pins" : [
    {
      "identity" : "mokume",
      "kind" : "remoteSourceControl",
      "location" : "https://github.com/mokume-metal/mokume.git",
      "state" : {
        "revision" : "18283daf496bdf69ebd33bafab2124d807d89bc0",
        "version" : "0.16.2"
      }
    },
    {
      "identity" : "swift-syntax",
      "kind" : "remoteSourceControl",
      "location" : "https://github.com/swiftlang/swift-syntax.git",
      "state" : {
        "revision" : "79e4b74a295b6eb74a8b585e3a39d29e70c1dbd1",
        "version" : "603.0.2"
      }
    }
  ],
  "version" : 3
}
