{
  "originHash" : "969e404088c3aca522e8cbda4e1f81a8c696b9e3a87475b599c62ed24ca41c67",
  "pins" : [
    {
      "identity" : "mokume",
      "kind" : "remoteSourceControl",
      "location" : "https://github.com/mokume-metal/mokume.git",
      "state" : {
        "revision" : "d5487b023c6ace36209d6ea7fd223afbdf4febeb",
        "version" : "0.12.1"
      }
    },
    {
      "identity" : "swift-syntax",
      "kind" : "remoteSourceControl",
      "location" : "https://github.com/swiftlang/swift-syntax.git",
      "state" : {
        "revision" : "79e4b74a295b6eb74a8b585e3a39d29e70c1dbd1",
        "version" : "603.0.2"
      }
    }
  ],
  "version" : 3
}
